
Microsoft Visual Studio Solution File, Format Version 12.00
# Visual Studio Version 17
VisualStudioVersion = 17.5.33530.505
MinimumVisualStudioVersion = 10.0.40219.1
Project("{9A19103F-16F7-4668-BE54-9A1E7A4F7556}") = "Infnet_DevOps_23E3_3_Docker_Project", "Infnet_DevOps_23E3_3_Docker_Project\Infnet_DevOps_23E3_3_Docker_Project.csproj", "{B00B9B93-17FB-42B6-A653-4D695C9A0A04}"
	ProjectSection(ProjectDependencies) = postProject
		{8FF83149-0750-4D6E-9D43-66322F6BA072} = {8FF83149-0750-4D6E-9D43-66322F6BA072}
	EndProjectSection
EndProject
Project("{9A19103F-16F7-4668-BE54-9A1E7A4F7556}") = "Infnet_DevOps_23E3_3_Docker_Project_Test", "Infnet_DevOps_23E3_3_Docker_Project_Test\Infnet_DevOps_23E3_3_Docker_Project_Test.csproj", "{8FF83149-0750-4D6E-9D43-66322F6BA072}"
EndProject
Global
	GlobalSection(SolutionConfigurationPlatforms) = preSolution
		Debug|Any CPU = Debug|Any CPU
		Release|Any CPU = Release|Any CPU
	EndGlobalSection
	GlobalSection(ProjectConfigurationPlatforms) = postSolution
		{B00B9B93-17FB-42B6-A653-4D695C9A0A04}.Debug|Any CPU.ActiveCfg = Debug|Any CPU
		{B00B9B93-17FB-42B6-A653-4D695C9A0A04}.Debug|Any CPU.Build.0 = Debug|Any CPU
		{B00B9B93-17FB-42B6-A653-4D695C9A0A04}.Release|Any CPU.ActiveCfg = Release|Any CPU
		{B00B9B93-17FB-42B6-A653-4D695C9A0A04}.Release|Any CPU.Build.0 = Release|Any CPU
		{8FF83149-0750-4D6E-9D43-66322F6BA072}.Debug|Any CPU.ActiveCfg = Debug|Any CPU
		{8FF83149-0750-4D6E-9D43-66322F6BA072}.Debug|Any CPU.Build.0 = Debug|Any CPU
		{8FF83149-0750-4D6E-9D43-66322F6BA072}.Release|Any CPU.ActiveCfg = Release|Any CPU
		{8FF83149-0750-4D6E-9D43-66322F6BA072}.Release|Any CPU.Build.0 = Release|Any CPU
	EndGlobalSection
	GlobalSection(SolutionProperties) = preSolution
		HideSolutionNode = FALSE
	EndGlobalSection
	GlobalSection(ExtensibilityGlobals) = postSolution
		SolutionGuid = {F0906DCA-7E0D-4A08-96F1-40153E96AEF4}
	EndGlobalSection
EndGlobal
